{
  "version": 4,
  "terraform_version": "1.5.2",
  "serial": 1,
  "lineage": "499d0427-9501-9b38-b418-85578a88145f",
  "outputs": {},
  "resources": [
    {
      "mode": "managed",
      "type": "local_file",
      "name": "devops-file",
      "provider": "provider[\"registry.terraform.io/hashicorp/local\"]",
      "instances": [
        {
          "schema_version": 0,
          "attributes": {
            "content": "Hello Devops Engineer",
            "content_base64": null,
            "content_base64sha256": "9yFkPDedDFE+n8Rtztbr/K98nqNGWtcWtdQuk1E+cg8=",
            "content_base64sha512": "wgahxrBHu0TudUCoZgLzTSM8weMD2clcgm5uJOjrIYHW+k35YWOQlKs1vAA6J64pTNUOxcWExcgUiNZPGkZbdA==",
            "content_md5": "ecd5dab068afa1ae0798864d5646d7ca",
            "content_sha1": "31185760610d70ec67dd447c4631d644c1d48e58",
            "content_sha256": "f721643c379d0c513e9fc46dced6ebfcaf7c9ea3465ad716b5d42e93513e720f",
            "content_sha512": "c206a1c6b047bb44ee7540a86602f34d233cc1e303d9c95c826e6e24e8eb2181d6fa4df961639094ab35bc003a27ae294cd50ec5c584c5c81488d64f1a465b74",
            "directory_permission": "0777",
            "file_permission": "0777",
            "filename": "/home/ubuntu/terraform/local/mydevops.txt",
            "id": "31185760610d70ec67dd447c4631d644c1d48e58",
            "sensitive_content": null,
            "source": null
          },
          "sensitive_attributes": []
        }
      ]
    }
  ],
  "check_results": null
}
